// !$*UTF8*$!
{
	archiveVersion = 1;
	classes = {
	};
	objectVersion = 50;
	objects = {

/* Begin PBXBuildFile section */
		A30FBA5C23E22BB000EA4D98 /* AppDelegate.swift in Sources */ = {isa = PBXBuildFile; fileRef = A30FBA5B23E22BB000EA4D98 /* AppDelegate.swift */; };
		A30FBA5E23E22BB000EA4D98 /* SceneDelegate.swift in Sources */ = {isa = PBXBuildFile; fileRef = A30FBA5D23E22BB000EA4D98 /* SceneDelegate.swift */; };
		A30FBA6023E22BB000EA4D98 /* ViewController.swift in Sources */ = {isa = PBXBuildFile; fileRef = A30FBA5F23E22BB000EA4D98 /* ViewController.swift */; };
		A30FBA6323E22BB000EA4D98 /* Main.storyboard in Resources */ = {isa = PBXBuildFile; fileRef = A30FBA6123E22BB000EA4D98 /* Main.storyboard */; };
		A30FBA6523E22BB300EA4D98 /* Assets.xcassets in Resources */ = {isa = PBXBuildFile; fileRef = A30FBA6423E22BB300EA4D98 /* Assets.xcassets */; };
		A30FBA6823E22BB300EA4D98 /* LaunchScreen.storyboard in Resources */ = {isa = PBXBuildFile; fileRef = A30FBA6623E22BB300EA4D98 /* LaunchScreen.storyboard */; };
/* End PBXBuildFile section */

/* Begin PBXFileReference section */
		A30FBA5823E22BB000EA4D98 /* TopTenMovies.app */ = {isa = PBXFileReference; explicitFileType = wrapper.application; includeInIndex = 0; path = TopTenMovies.app; sourceTree = BUILT_PRODUCTS_DIR; };
		A30FBA5B23E22BB000EA4D98 /* AppDelegate.swift */ = {isa = PBXFileReference; lastKnownFileType = sourcecode.swift; path = AppDelegate.swift; sourceTree = "<group>"; };
		A30FBA5D23E22BB000EA4D98 /* SceneDelegate.swift */ = {isa = PBXFileReference; lastKnownFileType = sourcecode.swift; path = SceneDelegate.swift; sourceTree = "<group>"; };
		A30FBA5F23E22BB000EA4D98 /* ViewController.swift */ = {isa = PBXFileReference; lastKnownFileType = sourcecode.swift; path = ViewController.swift; sourceTree = "<group>"; };
		A30FBA6223E22BB000EA4D98 /* Base */ = {isa = PBXFileReference; lastKnownFileType = file.storyboard; name = Base; path = Base.lproj/Main.storyboard; sourceTree = "<group>"; };
		A30FBA6423E22BB300EA4D98 /* Assets.xcassets */ = {isa = PBXFileReference; lastKnownFileType = folder.assetcatalog; path = Assets.xcassets; sourceTree = "<group>"; };
		A30FBA6723E22BB300EA4D98 /* Base */ = {isa = PBXFileReference; lastKnownFileType = file.storyboard; name = Base; path = Base.lproj/LaunchScreen.storyboard; sourceTree = "<group>"; };
		A30FBA6923E22BB300EA4D98 /* Info.plist */ = {isa = PBXFileReference; lastKnownFileType = text.plist.xml; path = Info.plist; sourceTree = "<group>"; };
/* End PBXFileReference section */

/* Begin PBXFrameworksBuildPhase section */
		A30FBA5523E22BB000EA4D98 /* Frameworks */ = {
			isa = PBXFrameworksBuildPhase;
			buildActionMask = 2147483647;
			files = (
			);
			runOnlyForDeploymentPostprocessing = 0;
		};
/* End PBXFrameworksBuildPhase section */

/* Begin PBXGroup section */
		A30FBA4F23E22BB000EA4D98 = {
			isa = PBXGroup;
			children = (
				A30FBA5A23E22BB000EA4D98 /* TopTenMovies */,
				A30FBA5923E22BB000EA4D98 /* Products */,
			);
			sourceTree = "<group>";
		};
		A30FBA5923E22BB000EA4D98 /* Products */ = {
			isa = PBXGroup;
			children = (
				A30FBA5823E22BB000EA4D98 /* TopTenMovies.app */,
			);
			name = Products;
			sourceTree = "<group>";
		};
		A30FBA5A23E22BB000EA4D98 /* TopTenMovies */ = {
			isa = PBXGroup;
			children = (
				A30FBA5B23E22BB000EA4D98 /* AppDelegate.swift */,
				A30FBA5D23E22BB000EA4D98 /* SceneDelegate.swift */,
				A30FBA5F23E22BB000EA4D98 /* ViewController.swift */,
				A30FBA6123E22BB000EA4D98 /* Main.storyboard */,
				A30FBA6423E22BB300EA4D98 /* Assets.xcassets */,
				A30FBA6623E22BB300EA4D98 /* LaunchScreen.storyboard */,
				A30FBA6923E22BB300EA4D98 /* Info.plist */,
			);
			path = TopTenMovies;
			sourceTree = "<group>";
		};
/* End PBXGroup section */

/* Begin PBXNativeTarget section */
		A30FBA5723E22BB000EA4D98 /* TopTenMovies */ = {
			isa = PBXNativeTarget;
			buildConfigurationList = A30FBA6C23E22BB300EA4D98 /* Build configuration list for PBXNativeTarget "TopTenMovies" */;
			buildPhases = (
				A30FBA5423E22BB000EA4D98 /* Sources */,
				A30FBA5523E22BB000EA4D98 /* Frameworks */,
				A30FBA5623E22BB000EA4D98 /* Resources */,
			);
			buildRules = (
			);
			dependencies = (
			);
			name = TopTenMovies;
			productName = TopTenMovies;
			productReference = A30FBA5823E22BB000EA4D98 /* TopTenMovies.app */;
			productType = "com.apple.product-type.application";
		};
/* End PBXNativeTarget section */

/* Begin PBXProject section */
		A30FBA5023E22BB000EA4D98 /* Project object */ = {
			isa = PBXProject;
			attributes = {
				LastSwiftUpdateCheck = 1130;
				LastUpgradeCheck = 1130;
				ORGANIZATIONNAME = "Abraham Escamilla Pinelo";
				TargetAttributes = {
					A30FBA5723E22BB000EA4D98 = {
						CreatedOnToolsVersion = 11.3.1;
					};
				};
			};
			buildConfigurationList = A30FBA5323E22BB000EA4D98 /* Build configuration list for PBXProject "TopTenMovies" */;
			compatibilityVersion = "Xcode 9.3";
			developmentRegion = en;
			hasScannedForEncodings = 0;
			knownRegions = (
				en,
				Base,
			);
			mainGroup = A30FBA4F23E22BB000EA4D98;
			productRefGroup = A30FBA5923E22BB000EA4D98 /* Products */;
			projectDirPath = "";
			projectRoot = "";
			targets = (
				A30FBA5723E22BB000EA4D98 /* TopTenMovies */,
			);
		};
/* End PBXProject section */

/* Begin PBXResourcesBuildPhase section */
		A30FBA5623E22BB000EA4D98 /* Resources */ = {
			isa = PBXResourcesBuildPhase;
			buildActionMask = 2147483647;
			files = (
				A30FBA6823E22BB300EA4D98 /* LaunchScreen.storyboard in Resources */,
				A30FBA6523E22BB300EA4D98 /* Assets.xcassets in Resources */,
				A30FBA6323E22BB000EA4D98 /* Main.storyboard in Resources */,
			);
			runOnlyForDeploymentPostprocessing = 0;
		};
/* End PBXResourcesBuildPhase section */

/* Begin PBXSourcesBuildPhase section */
		A30FBA5423E22BB000EA4D98 /* Sources */ = {
			isa = PBXSourcesBuildPhase;
			buildActionMask = 2147483647;
			files = (
				A30FBA6023E22BB000EA4D98 /* ViewController.swift in Sources */,
				A30FBA5C23E22BB000EA4D98 /* AppDelegate.swift in Sources */,
				A30FBA5E23E22BB000EA4D98 /* SceneDelegate.swift in Sources */,
			);
			runOnlyForDeploymentPostprocessing = 0;
		};
/* End PBXSourcesBuildPhase section */

/* Begin PBXVariantGroup section */
		A30FBA6123E22BB000EA4D98 /* Main.storyboard */ = {
			isa = PBXVariantGroup;
			children = (
				A30FBA6223E22BB000EA4D98 /* Base */,
			);
			name = Main.storyboard;
			sourceTree = "<group>";
		};
		A30FBA6623E22BB300EA4D98 /* LaunchScreen.storyboard */ = {
			isa = PBXVariantGroup;
			children = (
				A30FBA6723E22BB300EA4D98 /* Base */,
			);
			name = LaunchScreen.storyboard;
			sourceTree = "<group>";
		};
/* End PBXVariantGroup section */

/* Begin XCBuildConfiguration section */
		A30FBA6A23E22BB300EA4D98 /* Debug */ = {
			isa = XCBuildConfiguration;
			buildSettings = {
				ALWAYS_SEARCH_USER_PATHS = NO;
				CLANG_ANALYZER_NONNULL = YES;
				CLANG_ANALYZER_NUMBER_OBJECT_CONVERSION = YES_AGGRESSIVE;
				CLANG_CXX_LANGUAGE_STANDARD = "gnu++14";
				CLANG_CXX_LIBRARY = "libc++";
				CLANG_ENABLE_MODULES = YES;
				CLANG_ENABLE_OBJC_ARC = YES;
				CLANG_ENABLE_OBJC_WEAK = YES;
				CLANG_WARN_BLOCK_CAPTURE_AUTORELEASING = YES;
				CLANG_WARN_BOOL_CONVERSION = YES;
				CLANG_WARN_COMMA = YES;
				CLANG_WARN_CONSTANT_CONVERSION = YES;
				CLANG_WARN_DEPRECATED_OBJC_IMPLEMENTATIONS = YES;
				CLANG_WARN_DIRECT_OBJC_ISA_USAGE = YES_ERROR;
				CLANG_WARN_DOCUMENTATION_COMMENTS = YES;
				CLANG_WARN_EMPTY_BODY = YES;
				CLANG_WARN_ENUM_CONVERSION = YES;
				CLANG_WARN_INFINITE_RECURSION = YES;
				CLANG_WARN_INT_CONVERSION = YES;
				CLANG_WARN_NON_LITERAL_NULL_CONVERSION = YES;
				CLANG_WARN_OBJC_IMPLICIT_RETAIN_SELF = YES;
				CLANG_WARN_OBJC_LITERAL_CONVERSION = YES;
				CLANG_WARN_OBJC_ROOT_CLASS = YES_ERROR;
				CLANG_WARN_RANGE_LOOP_ANALYSIS = YES;
				CLANG_WARN_STRICT_PROTOTYPES = YES;
				CLANG_WARN_SUSPICIOUS_MOVE = YES;
				CLANG_WARN_UNGUARDED_AVAILABILITY = YES_AGGRESSIVE;
				CLANG_WARN_UNREACHABLE_CODE = YES;
				CLANG_WARN__DUPLICATE_METHOD_MATCH = YES;
				COPY_PHASE_STRIP = NO;
				DEBUG_INFORMATION_FORMAT = dwarf;
				ENABLE_STRICT_OBJC_MSGSEND = YES;
				ENABLE_TESTABILITY = YES;
				GCC_C_LANGUAGE_STANDARD = gnu11;
				GCC_DYNAMIC_NO_PIC = NO;
				GCC_NO_COMMON_BLOCKS = YES;
				GCC_OPTIMIZATION_LEVEL = 0;
				GCC_PREPROCESSOR_DEFINITIONS = (
					"DEBUG=1",
					"$(inherited)",
				);
				GCC_WARN_64_TO_32_BIT_CONVERSION = YES;
				GCC_WARN_ABOUT_RETURN_TYPE = YES_ERROR;
				GCC_WARN_UNDECLARED_SELECTOR = YES;
				GCC_WARN_UNINITIALIZED_AUTOS = YES_AGGRESSIVE;
				GCC_WARN_UNUSED_FUNCTION = YES;
				GCC_WARN_UNUSED_VARIABLE = YES;
				IPHONEOS_DEPLOYMENT_TARGET = 13.2;
				MTL_ENABLE_DEBUG_INFO = INCLUDE_SOURCE;
				MTL_FAST_MATH = YES;
				ONLY_ACTIVE_ARCH = YES;
				SDKROOT = iphoneos;
				SWIFT_ACTIVE_COMPILATION_CONDITIONS = DEBUG;
				SWIFT_OPTIMIZATION_LEVEL = "-Onone";
			};
			name = Debug;
		};
		A30FBA6B23E22BB300EA4D98 /* Release */ = {
			isa = XCBuildConfiguration;
			buildSettings = {
				ALWAYS_SEARCH_USER_PATHS = NO;
				CLANG_ANALYZER_NONNULL = YES;
				CLANG_ANALYZER_NUMBER_OBJECT_CONVERSION = YES_AGGRESSIVE;
				CLANG_CXX_LANGUAGE_STANDARD = "gnu++14";
				CLANG_CXX_LIBRARY = "libc++";
				CLANG_ENABLE_MODULES = YES;
				CLANG_ENABLE_OBJC_ARC = YES;
				CLANG_ENABLE_OBJC_WEAK = YES;
				CLANG_WARN_BLOCK_CAPTURE_AUTORELEASING = YES;
				CLANG_WARN_BOOL_CONVERSION = YES;
				CLANG_WARN_COMMA = YES;
				CLANG_WARN_CONSTANT_CONVERSION = YES;
				CLANG_WARN_DEPRECATED_OBJC_IMPLEMENTATIONS = YES;
				CLANG_WARN_DIRECT_OBJC_ISA_USAGE = YES_ERROR;
				CLANG_WARN_DOCUMENTATION_COMMENTS = YES;
				CLANG_WARN_EMPTY_BODY = YES;
				CLANG_WARN_ENUM_CONVERSION = YES;
				CLANG_WARN_INFINITE_RECURSION = YES;
				CLANG_WARN_INT_CONVERSION = YES;
				CLANG_WARN_NON_LITERAL_NULL_CONVERSION = YES;
				CLANG_WARN_OBJC_IMPLICIT_RETAIN_SELF = YES;
				CLANG_WARN_OBJC_LITERAL_CONVERSION = YES;
				CLANG_WARN_OBJC_ROOT_CLASS = YES_ERROR;
				CLANG_WARN_RANGE_LOOP_ANALYSIS = YES;
				CLANG_WARN_STRICT_PROTOTYPES = YES;
				CLANG_WARN_SUSPICIOUS_MOVE = YES;
				CLANG_WARN_UNGUARDED_AVAILABILITY = YES_AGGRESSIVE;
				CLANG_WARN_UNREACHABLE_CODE = YES;
				CLANG_WARN__DUPLICATE_METHOD_MATCH = YES;
				COPY_PHASE_STRIP = NO;
				DEBUG_INFORMATION_FORMAT = "dwarf-with-dsym";
				ENABLE_NS_ASSERTIONS = NO;
				ENABLE_STRICT_OBJC_MSGSEND = YES;
				GCC_C_LANGUAGE_STANDARD = gnu11;
				GCC_NO_COMMON_BLOCKS = YES;
				GCC_WARN_64_TO_32_BIT_CONVERSION = YES;
				GCC_WARN_ABOUT_RETURN_TYPE = YES_ERROR;
				GCC_WARN_UNDECLARED_SELECTOR = YES;
				GCC_WARN_UNINITIALIZED_AUTOS = YES_AGGRESSIVE;
				GCC_WARN_UNUSED_FUNCTION = YES;
				GCC_WARN_UNUSED_VARIABLE = YES;
				IPHONEOS_DEPLOYMENT_TARGET = 13.2;
				MTL_ENABLE_DEBUG_INFO = NO;
				MTL_FAST_MATH = YES;
				SDKROOT = iphoneos;
				SWIFT_COMPILATION_MODE = wholemodule;
				SWIFT_OPTIMIZATION_LEVEL = "-O";
				VALIDATE_PRODUCT = YES;
			};
			name = Release;
		};
		A30FBA6D23E22BB300EA4D98 /* Debug */ = {
			isa = XCBuildConfiguration;
			buildSettings = {
				ASSETCATALOG_COMPILER_APPICON_NAME = AppIcon;
				CODE_SIGN_STYLE = Automatic;
				DEVELOPMENT_TEAM = 3ZMSM9ALSB;
				INFOPLIST_FILE = TopTenMovies/Info.plist;
				LD_RUNPATH_SEARCH_PATHS = (
					"$(inherited)",
					"@executable_path/Frameworks",
				);
				PRODUCT_BUNDLE_IDENTIFIER = com.aep.TopTenMovies;
				PRODUCT_NAME = "$(TARGET_NAME)";
				SWIFT_VERSION = 5.0;
				TARGETED_DEVICE_FAMILY = 1;
			};
			name = Debug;
		};
		A30FBA6E23E22BB300EA4D98 /* Release */ = {
			isa = XCBuildConfiguration;
			buildSettings = {
				ASSETCATALOG_COMPILER_APPICON_NAME = AppIcon;
				CODE_SIGN_STYLE = Automatic;
				DEVELOPMENT_TEAM = 3ZMSM9ALSB;
				INFOPLIST_FILE = TopTenMovies/Info.plist;
				LD_RUNPATH_SEARCH_PATHS = (
					"$(inherited)",
					"@executable_path/Frameworks",
				);
				PRODUCT_BUNDLE_IDENTIFIER = com.aep.TopTenMovies;
				PRODUCT_NAME = "$(TARGET_NAME)";
				SWIFT_VERSION = 5.0;
				TARGETED_DEVICE_FAMILY = 1;
			};
			name = Release;
		};
/* End XCBuildConfiguration section */

/* Begin XCConfigurationList section */
		A30FBA5323E22BB000EA4D98 /* Build configuration list for PBXProject "TopTenMovies" */ = {
			isa = XCConfigurationList;
			buildConfigurations = (
				A30FBA6A23E22BB300EA4D98 /* Debug */,
				A30FBA6B23E22BB300EA4D98 /* Release */,
			);
			defaultConfigurationIsVisible = 0;
			defaultConfigurationName = Release;
		};
		A30FBA6C23E22BB300EA4D98 /* Build configuration list for PBXNativeTarget "TopTenMovies" */ = {
			isa = XCConfigurationList;
			buildConfigurations = (
				A30FBA6D23E22BB300EA4D98 /* Debug */,
				A30FBA6E23E22BB300EA4D98 /* Release */,
			);
			defaultConfigurationIsVisible = 0;
			defaultConfigurationName = Release;
		};
/* End XCConfigurationList section */
	};
	rootObject = A30FBA5023E22BB000EA4D98 /* Project object */;
}
